// !$*UTF8*$!
{
	archiveVersion = 1;
	classes = {
	};
	objectVersion = 50;
	objects = {

/* Begin PBXBuildFile section */
		6CE7B1292267AF7C00759D89 /* AppDelegate.swift in Sources */ = {isa = PBXBuildFile; fileRef = 6CE7B1282267AF7C00759D89 /* AppDelegate.swift */; };
		6CE7B12B2267AF7C00759D89 /* ViewController.swift in Sources */ = {isa = PBXBuildFile; fileRef = 6CE7B12A2267AF7C00759D89 /* ViewController.swift */; };
		6CE7B12E2267AF7C00759D89 /* Main.storyboard in Resources */ = {isa = PBXBuildFile; fileRef = 6CE7B12C2267AF7C00759D89 /* Main.storyboard */; };
		6CE7B1302267AF7E00759D89 /* Assets.xcassets in Resources */ = {isa = PBXBuildFile; fileRef = 6CE7B12F2267AF7E00759D89 /* Assets.xcassets */; };
		6CE7B1332267AF7E00759D89 /* LaunchScreen.storyboard in Resources */ = {isa = PBXBuildFile; fileRef = 6CE7B1312267AF7E00759D89 /* LaunchScreen.storyboard */; };
		6CE7B13E2267AF7E00759D89 /* InstagramTests.swift in Sources */ = {isa = PBXBuildFile; fileRef = 6CE7B13D2267AF7E00759D89 /* InstagramTests.swift */; };
		6CE7B1492267AF7E00759D89 /* InstagramUITests.swift in Sources */ = {isa = PBXBuildFile; fileRef = 6CE7B1482267AF7E00759D89 /* InstagramUITests.swift */; };
/* End PBXBuildFile section */

/* Begin PBXContainerItemProxy section */
		6CE7B13A2267AF7E00759D89 /* PBXContainerItemProxy */ = {
			isa = PBXContainerItemProxy;
			containerPortal = 6CE7B11D2267AF7C00759D89 /* Project object */;
			proxyType = 1;
			remoteGlobalIDString = 6CE7B1242267AF7C00759D89;
			remoteInfo = Instagram;
		};
		6CE7B1452267AF7E00759D89 /* PBXContainerItemProxy */ = {
			isa = PBXContainerItemProxy;
			containerPortal = 6CE7B11D2267AF7C00759D89 /* Project object */;
			proxyType = 1;
			remoteGlobalIDString = 6CE7B1242267AF7C00759D89;
			remoteInfo = Instagram;
		};
/* End PBXContainerItemProxy section */

/* Begin PBXFileReference section */
		6CE7B1252267AF7C00759D89 /* Instagram.app */ = {isa = PBXFileReference; explicitFileType = wrapper.application; includeInIndex = 0; path = Instagram.app; sourceTree = BUILT_PRODUCTS_DIR; };
		6CE7B1282267AF7C00759D89 /* AppDelegate.swift */ = {isa = PBXFileReference; lastKnownFileType = sourcecode.swift; path = AppDelegate.swift; sourceTree = "<group>"; };
		6CE7B12A2267AF7C00759D89 /* ViewController.swift */ = {isa = PBXFileReference; lastKnownFileType = sourcecode.swift; path = ViewController.swift; sourceTree = "<group>"; };
		6CE7B12D2267AF7C00759D89 /* Base */ = {isa = PBXFileReference; lastKnownFileType = file.storyboard; name = Base; path = Base.lproj/Main.storyboard; sourceTree = "<group>"; };
		6CE7B12F2267AF7E00759D89 /* Assets.xcassets */ = {isa = PBXFileReference; lastKnownFileType = folder.assetcatalog; path = Assets.xcassets; sourceTree = "<group>"; };
		6CE7B1322267AF7E00759D89 /* Base */ = {isa = PBXFileReference; lastKnownFileType = file.storyboard; name = Base; path = Base.lproj/LaunchScreen.storyboard; sourceTree = "<group>"; };
		6CE7B1342267AF7E00759D89 /* Info.plist */ = {isa = PBXFileReference; lastKnownFileType = text.plist.xml; path = Info.plist; sourceTree = "<group>"; };
		6CE7B1392267AF7E00759D89 /* InstagramTests.xctest */ = {isa = PBXFileReference; explicitFileType = wrapper.cfbundle; includeInIndex = 0; path = InstagramTests.xctest; sourceTree = BUILT_PRODUCTS_DIR; };
		6CE7B13D2267AF7E00759D89 /* InstagramTests.swift */ = {isa = PBXFileReference; lastKnownFileType = sourcecode.swift; path = InstagramTests.swift; sourceTree = "<group>"; };
		6CE7B13F2267AF7E00759D89 /* Info.plist */ = {isa = PBXFileReference; lastKnownFileType = text.plist.xml; path = Info.plist; sourceTree = "<group>"; };
		6CE7B1442267AF7E00759D89 /* InstagramUITests.xctest */ = {isa = PBXFileReference; explicitFileType = wrapper.cfbundle; includeInIndex = 0; path = InstagramUITests.xctest; sourceTree = BUILT_PRODUCTS_DIR; };
		6CE7B1482267AF7E00759D89 /* InstagramUITests.swift */ = {isa = PBXFileReference; lastKnownFileType = sourcecode.swift; path = InstagramUITests.swift; sourceTree = "<group>"; };
		6CE7B14A2267AF7E00759D89 /* Info.plist */ = {isa = PBXFileReference; lastKnownFileType = text.plist.xml; path = Info.plist; sourceTree = "<group>"; };
/* End PBXFileReference section */

/* Begin PBXFrameworksBuildPhase section */
		6CE7B1222267AF7C00759D89 /* Frameworks */ = {
			isa = PBXFrameworksBuildPhase;
			buildActionMask = 2147483647;
			files = (
			);
			runOnlyForDeploymentPostprocessing = 0;
		};
		6CE7B1362267AF7E00759D89 /* Frameworks */ = {
			isa = PBXFrameworksBuildPhase;
			buildActionMask = 2147483647;
			files = (
			);
			runOnlyForDeploymentPostprocessing = 0;
		};
		6CE7B1412267AF7E00759D89 /* Frameworks */ = {
			isa = PBXFrameworksBuildPhase;
			buildActionMask = 2147483647;
			files = (
			);
			runOnlyForDeploymentPostprocessing = 0;
		};
/* End PBXFrameworksBuildPhase section */

/* Begin PBXGroup section */
		6CE7B11C2267AF7C00759D89 = {
			isa = PBXGroup;
			children = (
				6CE7B1272267AF7C00759D89 /* Instagram */,
				6CE7B13C2267AF7E00759D89 /* InstagramTests */,
				6CE7B1472267AF7E00759D89 /* InstagramUITests */,
				6CE7B1262267AF7C00759D89 /* Products */,
			);
			sourceTree = "<group>";
		};
		6CE7B1262267AF7C00759D89 /* Products */ = {
			isa = PBXGroup;
			children = (
				6CE7B1252267AF7C00759D89 /* Instagram.app */,
				6CE7B1392267AF7E00759D89 /* InstagramTests.xctest */,
				6CE7B1442267AF7E00759D89 /* InstagramUITests.xctest */,
			);
			name = Products;
			sourceTree = "<group>";
		};
		6CE7B1272267AF7C00759D89 /* Instagram */ = {
			isa = PBXGroup;
			children = (
				6CE7B1282267AF7C00759D89 /* AppDelegate.swift */,
				6CE7B12A2267AF7C00759D89 /* ViewController.swift */,
				6CE7B12C2267AF7C00759D89 /* Main.storyboard */,
				6CE7B12F2267AF7E00759D89 /* Assets.xcassets */,
				6CE7B1312267AF7E00759D89 /* LaunchScreen.storyboard */,
				6CE7B1342267AF7E00759D89 /* Info.plist */,
			);
			path = Instagram;
			sourceTree = "<group>";
		};
		6CE7B13C2267AF7E00759D89 /* InstagramTests */ = {
			isa = PBXGroup;
			children = (
				6CE7B13D2267AF7E00759D89 /* InstagramTests.swift */,
				6CE7B13F2267AF7E00759D89 /* Info.plist */,
			);
			path = InstagramTests;
			sourceTree = "<group>";
		};
		6CE7B1472267AF7E00759D89 /* InstagramUITests */ = {
			isa = PBXGroup;
			children = (
				6CE7B1482267AF7E00759D89 /* InstagramUITests.swift */,
				6CE7B14A2267AF7E00759D89 /* Info.plist */,
			);
			path = InstagramUITests;
			sourceTree = "<group>";
		};
/* End PBXGroup section */

/* Begin PBXNativeTarget section */
		6CE7B1242267AF7C00759D89 /* Instagram */ = {
			isa = PBXNativeTarget;
			buildConfigurationList = 6CE7B14D2267AF7E00759D89 /* Build configuration list for PBXNativeTarget "Instagram" */;
			buildPhases = (
				6CE7B1212267AF7C00759D89 /* Sources */,
				6CE7B1222267AF7C00759D89 /* Frameworks */,
				6CE7B1232267AF7C00759D89 /* Resources */,
			);
			buildRules = (
			);
			dependencies = (
			);
			name = Instagram;
			productName = Instagram;
			productReference = 6CE7B1252267AF7C00759D89 /* Instagram.app */;
			productType = "com.apple.product-type.application";
		};
		6CE7B1382267AF7E00759D89 /* InstagramTests */ = {
			isa = PBXNativeTarget;
			buildConfigurationList = 6CE7B1502267AF7E00759D89 /* Build configuration list for PBXNativeTarget "InstagramTests" */;
			buildPhases = (
				6CE7B1352267AF7E00759D89 /* Sources */,
				6CE7B1362267AF7E00759D89 /* Frameworks */,
				6CE7B1372267AF7E00759D89 /* Resources */,
			);
			buildRules = (
			);
			dependencies = (
				6CE7B13B2267AF7E00759D89 /* PBXTargetDependency */,
			);
			name = InstagramTests;
			productName = InstagramTests;
			productReference = 6CE7B1392267AF7E00759D89 /* InstagramTests.xctest */;
			productType = "com.apple.product-type.bundle.unit-test";
		};
		6CE7B1432267AF7E00759D89 /* InstagramUITests */ = {
			isa = PBXNativeTarget;
			buildConfigurationList = 6CE7B1532267AF7E00759D89 /* Build configuration list for PBXNativeTarget "InstagramUITests" */;
			buildPhases = (
				6CE7B1402267AF7E00759D89 /* Sources */,
				6CE7B1412267AF7E00759D89 /* Frameworks */,
				6CE7B1422267AF7E00759D89 /* Resources */,
			);
			buildRules = (
			);
			dependencies = (
				6CE7B1462267AF7E00759D89 /* PBXTargetDependency */,
			);
			name = InstagramUITests;
			productName = InstagramUITests;
			productReference = 6CE7B1442267AF7E00759D89 /* InstagramUITests.xctest */;
			productType = "com.apple.product-type.bundle.ui-testing";
		};
/* End PBXNativeTarget section */

/* Begin PBXProject section */
		6CE7B11D2267AF7C00759D89 /* Project object */ = {
			isa = PBXProject;
			attributes = {
				LastSwiftUpdateCheck = 1020;
				LastUpgradeCheck = 1020;
				ORGANIZATIONNAME = jtmajor;
				TargetAttributes = {
					6CE7B1242267AF7C00759D89 = {
						CreatedOnToolsVersion = 10.2;
					};
					6CE7B1382267AF7E00759D89 = {
						CreatedOnToolsVersion = 10.2;
						TestTargetID = 6CE7B1242267AF7C00759D89;
					};
					6CE7B1432267AF7E00759D89 = {
						CreatedOnToolsVersion = 10.2;
						TestTargetID = 6CE7B1242267AF7C00759D89;
					};
				};
			};
			buildConfigurationList = 6CE7B1202267AF7C00759D89 /* Build configuration list for PBXProject "Instagram" */;
			compatibilityVersion = "Xcode 9.3";
			developmentRegion = en;
			hasScannedForEncodings = 0;
			knownRegions = (
				en,
				Base,
			);
			mainGroup = 6CE7B11C2267AF7C00759D89;
			productRefGroup = 6CE7B1262267AF7C00759D89 /* Products */;
			projectDirPath = "";
			projectRoot = "";
			targets = (
				6CE7B1242267AF7C00759D89 /* Instagram */,
				6CE7B1382267AF7E00759D89 /* InstagramTests */,
				6CE7B1432267AF7E00759D89 /* InstagramUITests */,
			);
		};
/* End PBXProject section */

/* Begin PBXResourcesBuildPhase section */
		6CE7B1232267AF7C00759D89 /* Resources */ = {
			isa = PBXResourcesBuildPhase;
			buildActionMask = 2147483647;
			files = (
				6CE7B1332267AF7E00759D89 /* LaunchScreen.storyboard in Resources */,
				6CE7B1302267AF7E00759D89 /* Assets.xcassets in Resources */,
				6CE7B12E2267AF7C00759D89 /* Main.storyboard in Resources */,
			);
			runOnlyForDeploymentPostprocessing = 0;
		};
		6CE7B1372267AF7E00759D89 /* Resources */ = {
			isa = PBXResourcesBuildPhase;
			buildActionMask = 2147483647;
			files = (
			);
			runOnlyForDeploymentPostprocessing = 0;
		};
		6CE7B1422267AF7E00759D89 /* Resources */ = {
			isa = PBXResourcesBuildPhase;
			buildActionMask = 2147483647;
			files = (
			);
			runOnlyForDeploymentPostprocessing = 0;
		};
/* End PBXResourcesBuildPhase section */

/* Begin PBXSourcesBuildPhase section */
		6CE7B1212267AF7C00759D89 /* Sources */ = {
			isa = PBXSourcesBuildPhase;
			buildActionMask = 2147483647;
			files = (
				6CE7B12B2267AF7C00759D89 /* ViewController.swift in Sources */,
				6CE7B1292267AF7C00759D89 /* AppDelegate.swift in Sources */,
			);
			runOnlyForDeploymentPostprocessing = 0;
		};
		6CE7B1352267AF7E00759D89 /* Sources */ = {
			isa = PBXSourcesBuildPhase;
			buildActionMask = 2147483647;
			files = (
				6CE7B13E2267AF7E00759D89 /* InstagramTests.swift in Sources */,
			);
			runOnlyForDeploymentPostprocessing = 0;
		};
		6CE7B1402267AF7E00759D89 /* Sources */ = {
			isa = PBXSourcesBuildPhase;
			buildActionMask = 2147483647;
			files = (
				6CE7B1492267AF7E00759D89 /* InstagramUITests.swift in Sources */,
			);
			runOnlyForDeploymentPostprocessing = 0;
		};
/* End PBXSourcesBuildPhase section */

/* Begin PBXTargetDependency section */
		6CE7B13B2267AF7E00759D89 /* PBXTargetDependency */ = {
			isa = PBXTargetDependency;
			target = 6CE7B1242267AF7C00759D89 /* Instagram */;
			targetProxy = 6CE7B13A2267AF7E00759D89 /* PBXContainerItemProxy */;
		};
		6CE7B1462267AF7E00759D89 /* PBXTargetDependency */ = {
			isa = PBXTargetDependency;
			target = 6CE7B1242267AF7C00759D89 /* Instagram */;
			targetProxy = 6CE7B1452267AF7E00759D89 /* PBXContainerItemProxy */;
		};
/* End PBXTargetDependency section */

/* Begin PBXVariantGroup section */
		6CE7B12C2267AF7C00759D89 /* Main.storyboard */ = {
			isa = PBXVariantGroup;
			children = (
				6CE7B12D2267AF7C00759D89 /* Base */,
			);
			name = Main.storyboard;
			sourceTree = "<group>";
		};
		6CE7B1312267AF7E00759D89 /* LaunchScreen.storyboard */ = {
			isa = PBXVariantGroup;
			children = (
				6CE7B1322267AF7E00759D89 /* Base */,
			);
			name = LaunchScreen.storyboard;
			sourceTree = "<group>";
		};
/* End PBXVariantGroup section */

/* Begin XCBuildConfiguration section */
		6CE7B14B2267AF7E00759D89 /* Debug */ = {
			isa = XCBuildConfiguration;
			buildSettings = {
				ALWAYS_SEARCH_USER_PATHS = NO;
				CLANG_ANALYZER_NONNULL = YES;
				CLANG_ANALYZER_NUMBER_OBJECT_CONVERSION = YES_AGGRESSIVE;
				CLANG_CXX_LANGUAGE_STANDARD = "gnu++14";
				CLANG_CXX_LIBRARY = "libc++";
				CLANG_ENABLE_MODULES = YES;
				CLANG_ENABLE_OBJC_ARC = YES;
				CLANG_ENABLE_OBJC_WEAK = YES;
				CLANG_WARN_BLOCK_CAPTURE_AUTORELEASING = YES;
				CLANG_WARN_BOOL_CONVERSION = YES;
				CLANG_WARN_COMMA = YES;
				CLANG_WARN_CONSTANT_CONVERSION = YES;
				CLANG_WARN_DEPRECATED_OBJC_IMPLEMENTATIONS = YES;
				CLANG_WARN_DIRECT_OBJC_ISA_USAGE = YES_ERROR;
				CLANG_WARN_DOCUMENTATION_COMMENTS = YES;
				CLANG_WARN_EMPTY_BODY = YES;
				CLANG_WARN_ENUM_CONVERSION = YES;
				CLANG_WARN_INFINITE_RECURSION = YES;
				CLANG_WARN_INT_CONVERSION = YES;
				CLANG_WARN_NON_LITERAL_NULL_CONVERSION = YES;
				CLANG_WARN_OBJC_IMPLICIT_RETAIN_SELF = YES;
				CLANG_WARN_OBJC_LITERAL_CONVERSION = YES;
				CLANG_WARN_OBJC_ROOT_CLASS = YES_ERROR;
				CLANG_WARN_RANGE_LOOP_ANALYSIS = YES;
				CLANG_WARN_STRICT_PROTOTYPES = YES;
				CLANG_WARN_SUSPICIOUS_MOVE = YES;
				CLANG_WARN_UNGUARDED_AVAILABILITY = YES_AGGRESSIVE;
				CLANG_WARN_UNREACHABLE_CODE = YES;
				CLANG_WARN__DUPLICATE_METHOD_MATCH = YES;
				CODE_SIGN_IDENTITY = "iPhone Developer";
				COPY_PHASE_STRIP = NO;
				DEBUG_INFORMATION_FORMAT = dwarf;
				ENABLE_STRICT_OBJC_MSGSEND = YES;
				ENABLE_TESTABILITY = YES;
				GCC_C_LANGUAGE_STANDARD = gnu11;
				GCC_DYNAMIC_NO_PIC = NO;
				GCC_NO_COMMON_BLOCKS = YES;
				GCC_OPTIMIZATION_LEVEL = 0;
				GCC_PREPROCESSOR_DEFINITIONS = (
					"DEBUG=1",
					"$(inherited)",
				);
				GCC_WARN_64_TO_32_BIT_CONVERSION = YES;
				GCC_WARN_ABOUT_RETURN_TYPE = YES_ERROR;
				GCC_WARN_UNDECLARED_SELECTOR = YES;
				GCC_WARN_UNINITIALIZED_AUTOS = YES_AGGRESSIVE;
				GCC_WARN_UNUSED_FUNCTION = YES;
				GCC_WARN_UNUSED_VARIABLE = YES;
				IPHONEOS_DEPLOYMENT_TARGET = 12.2;
				MTL_ENABLE_DEBUG_INFO = INCLUDE_SOURCE;
				MTL_FAST_MATH = YES;
				ONLY_ACTIVE_ARCH = YES;
				SDKROOT = iphoneos;
				SWIFT_ACTIVE_COMPILATION_CONDITIONS = DEBUG;
				SWIFT_OPTIMIZATION_LEVEL = "-Onone";
			};
			name = Debug;
		};
		6CE7B14C2267AF7E00759D89 /* Release */ = {
			isa = XCBuildConfiguration;
			buildSettings = {
				ALWAYS_SEARCH_USER_PATHS = NO;
				CLANG_ANALYZER_NONNULL = YES;
				CLANG_ANALYZER_NUMBER_OBJECT_CONVERSION = YES_AGGRESSIVE;
				CLANG_CXX_LANGUAGE_STANDARD = "gnu++14";
				CLANG_CXX_LIBRARY = "libc++";
				CLANG_ENABLE_MODULES = YES;
				CLANG_ENABLE_OBJC_ARC = YES;
				CLANG_ENABLE_OBJC_WEAK = YES;
				CLANG_WARN_BLOCK_CAPTURE_AUTORELEASING = YES;
				CLANG_WARN_BOOL_CONVERSION = YES;
				CLANG_WARN_COMMA = YES;
				CLANG_WARN_CONSTANT_CONVERSION = YES;
				CLANG_WARN_DEPRECATED_OBJC_IMPLEMENTATIONS = YES;
				CLANG_WARN_DIRECT_OBJC_ISA_USAGE = YES_ERROR;
				CLANG_WARN_DOCUMENTATION_COMMENTS = YES;
				CLANG_WARN_EMPTY_BODY = YES;
				CLANG_WARN_ENUM_CONVERSION = YES;
				CLANG_WARN_INFINITE_RECURSION = YES;
				CLANG_WARN_INT_CONVERSION = YES;
				CLANG_WARN_NON_LITERAL_NULL_CONVERSION = YES;
				CLANG_WARN_OBJC_IMPLICIT_RETAIN_SELF = YES;
				CLANG_WARN_OBJC_LITERAL_CONVERSION = YES;
				CLANG_WARN_OBJC_ROOT_CLASS = YES_ERROR;
				CLANG_WARN_RANGE_LOOP_ANALYSIS = YES;
				CLANG_WARN_STRICT_PROTOTYPES = YES;
				CLANG_WARN_SUSPICIOUS_MOVE = YES;
				CLANG_WARN_UNGUARDED_AVAILABILITY = YES_AGGRESSIVE;
				CLANG_WARN_UNREACHABLE_CODE = YES;
				CLANG_WARN__DUPLICATE_METHOD_MATCH = YES;
				CODE_SIGN_IDENTITY = "iPhone Developer";
				COPY_PHASE_STRIP = NO;
				DEBUG_INFORMATION_FORMAT = "dwarf-with-dsym";
				ENABLE_NS_ASSERTIONS = NO;
				ENABLE_STRICT_OBJC_MSGSEND = YES;
				GCC_C_LANGUAGE_STANDARD = gnu11;
				GCC_NO_COMMON_BLOCKS = YES;
				GCC_WARN_64_TO_32_BIT_CONVERSION = YES;
				GCC_WARN_ABOUT_RETURN_TYPE = YES_ERROR;
				GCC_WARN_UNDECLARED_SELECTOR = YES;
				GCC_WARN_UNINITIALIZED_AUTOS = YES_AGGRESSIVE;
				GCC_WARN_UNUSED_FUNCTION = YES;
				GCC_WARN_UNUSED_VARIABLE = YES;
				IPHONEOS_DEPLOYMENT_TARGET = 12.2;
				MTL_ENABLE_DEBUG_INFO = NO;
				MTL_FAST_MATH = YES;
				SDKROOT = iphoneos;
				SWIFT_COMPILATION_MODE = wholemodule;
				SWIFT_OPTIMIZATION_LEVEL = "-O";
				VALIDATE_PRODUCT = YES;
			};
			name = Release;
		};
		6CE7B14E2267AF7E00759D89 /* Debug */ = {
			isa = XCBuildConfiguration;
			buildSettings = {
				ASSETCATALOG_COMPILER_APPICON_NAME = AppIcon;
				CODE_SIGN_STYLE = Automatic;
				INFOPLIST_FILE = Instagram/Info.plist;
				LD_RUNPATH_SEARCH_PATHS = (
					"$(inherited)",
					"@executable_path/Frameworks",
				);
				PRODUCT_BUNDLE_IDENTIFIER = com.jtmajor.Instagram;
				PRODUCT_NAME = "$(TARGET_NAME)";
				SWIFT_VERSION = 5.0;
				TARGETED_DEVICE_FAMILY = "1,2";
			};
			name = Debug;
		};
		6CE7B14F2267AF7E00759D89 /* Release */ = {
			isa = XCBuildConfiguration;
			buildSettings = {
				ASSETCATALOG_COMPILER_APPICON_NAME = AppIcon;
				CODE_SIGN_STYLE = Automatic;
				INFOPLIST_FILE = Instagram/Info.plist;
				LD_RUNPATH_SEARCH_PATHS = (
					"$(inherited)",
					"@executable_path/Frameworks",
				);
				PRODUCT_BUNDLE_IDENTIFIER = com.jtmajor.Instagram;
				PRODUCT_NAME = "$(TARGET_NAME)";
				SWIFT_VERSION = 5.0;
				TARGETED_DEVICE_FAMILY = "1,2";
			};
			name = Release;
		};
		6CE7B1512267AF7E00759D89 /* Debug */ = {
			isa = XCBuildConfiguration;
			buildSettings = {
				ALWAYS_EMBED_SWIFT_STANDARD_LIBRARIES = YES;
				BUNDLE_LOADER = "$(TEST_HOST)";
				CODE_SIGN_STYLE = Automatic;
				INFOPLIST_FILE = InstagramTests/Info.plist;
				LD_RUNPATH_SEARCH_PATHS = (
					"$(inherited)",
					"@executable_path/Frameworks",
					"@loader_path/Frameworks",
				);
				PRODUCT_BUNDLE_IDENTIFIER = com.jtmajor.InstagramTests;
				PRODUCT_NAME = "$(TARGET_NAME)";
				SWIFT_VERSION = 5.0;
				TARGETED_DEVICE_FAMILY = "1,2";
				TEST_HOST = "$(BUILT_PRODUCTS_DIR)/Instagram.app/Instagram";
			};
			name = Debug;
		};
		6CE7B1522267AF7E00759D89 /* Release */ = {
			isa = XCBuildConfiguration;
			buildSettings = {
				ALWAYS_EMBED_SWIFT_STANDARD_LIBRARIES = YES;
				BUNDLE_LOADER = "$(TEST_HOST)";
				CODE_SIGN_STYLE = Automatic;
				INFOPLIST_FILE = InstagramTests/Info.plist;
				LD_RUNPATH_SEARCH_PATHS = (
					"$(inherited)",
					"@executable_path/Frameworks",
					"@loader_path/Frameworks",
				);
				PRODUCT_BUNDLE_IDENTIFIER = com.jtmajor.InstagramTests;
				PRODUCT_NAME = "$(TARGET_NAME)";
				SWIFT_VERSION = 5.0;
				TARGETED_DEVICE_FAMILY = "1,2";
				TEST_HOST = "$(BUILT_PRODUCTS_DIR)/Instagram.app/Instagram";
			};
			name = Release;
		};
		6CE7B1542267AF7E00759D89 /* Debug */ = {
			isa = XCBuildConfiguration;
			buildSettings = {
				ALWAYS_EMBED_SWIFT_STANDARD_LIBRARIES = YES;
				CODE_SIGN_STYLE = Automatic;
				INFOPLIST_FILE = InstagramUITests/Info.plist;
				LD_RUNPATH_SEARCH_PATHS = (
					"$(inherited)",
					"@executable_path/Frameworks",
					"@loader_path/Frameworks",
				);
				PRODUCT_BUNDLE_IDENTIFIER = com.jtmajor.InstagramUITests;
				PRODUCT_NAME = "$(TARGET_NAME)";
				SWIFT_VERSION = 5.0;
				TARGETED_DEVICE_FAMILY = "1,2";
				TEST_TARGET_NAME = Instagram;
			};
			name = Debug;
		};
		6CE7B1552267AF7E00759D89 /* Release */ = {
			isa = XCBuildConfiguration;
			buildSettings = {
				ALWAYS_EMBED_SWIFT_STANDARD_LIBRARIES = YES;
				CODE_SIGN_STYLE = Automatic;
				INFOPLIST_FILE = InstagramUITests/Info.plist;
				LD_RUNPATH_SEARCH_PATHS = (
					"$(inherited)",
					"@executable_path/Frameworks",
					"@loader_path/Frameworks",
				);
				PRODUCT_BUNDLE_IDENTIFIER = com.jtmajor.InstagramUITests;
				PRODUCT_NAME = "$(TARGET_NAME)";
				SWIFT_VERSION = 5.0;
				TARGETED_DEVICE_FAMILY = "1,2";
				TEST_TARGET_NAME = Instagram;
			};
			name = Release;
		};
/* End XCBuildConfiguration section */

/* Begin XCConfigurationList section */
		6CE7B1202267AF7C00759D89 /* Build configuration list for PBXProject "Instagram" */ = {
			isa = XCConfigurationList;
			buildConfigurations = (
				6CE7B14B2267AF7E00759D89 /* Debug */,
				6CE7B14C2267AF7E00759D89 /* Release */,
			);
			defaultConfigurationIsVisible = 0;
			defaultConfigurationName = Release;
		};
		6CE7B14D2267AF7E00759D89 /* Build configuration list for PBXNativeTarget "Instagram" */ = {
			isa = XCConfigurationList;
			buildConfigurations = (
				6CE7B14E2267AF7E00759D89 /* Debug */,
				6CE7B14F2267AF7E00759D89 /* Release */,
			);
			defaultConfigurationIsVisible = 0;
			defaultConfigurationName = Release;
		};
		6CE7B1502267AF7E00759D89 /* Build configuration list for PBXNativeTarget "InstagramTests" */ = {
			isa = XCConfigurationList;
			buildConfigurations = (
				6CE7B1512267AF7E00759D89 /* Debug */,
				6CE7B1522267AF7E00759D89 /* Release */,
			);
			defaultConfigurationIsVisible = 0;
			defaultConfigurationName = Release;
		};
		6CE7B1532267AF7E00759D89 /* Build configuration list for PBXNativeTarget "InstagramUITests" */ = {
			isa = XCConfigurationList;
			buildConfigurations = (
				6CE7B1542267AF7E00759D89 /* Debug */,
				6CE7B1552267AF7E00759D89 /* Release */,
			);
			defaultConfigurationIsVisible = 0;
			defaultConfigurationName = Release;
		};
/* End XCConfigurationList section */
	};
	rootObject = 6CE7B11D2267AF7C00759D89 /* Project object */;
}
